
Microsoft Visual Studio Solution File, Format Version 12.00
# Visual Studio Version 16
VisualStudioVersion = 16.0.31205.134
MinimumVisualStudioVersion = 10.0.40219.1
Project("{9A19103F-16F7-4668-BE54-9A1E7A4F7556}") = "CotizLicitAPI", "CotizLicitAPI\CotizLicitAPI.csproj", "{270D8486-95DD-491F-8534-93A20B52A38C}"
EndProject
Project("{FAE04EC0-301F-11D3-BF4B-00C04F79EFBC}") = "CotizLicitWeb", "CotizLicitWeb\CotizLicitWeb.csproj", "{D3332026-E40F-46B7-B8C7-DADCE746C131}"
EndProject
Global
	GlobalSection(SolutionConfigurationPlatforms) = preSolution
		Debug|Any CPU = Debug|Any CPU
		Release|Any CPU = Release|Any CPU
	EndGlobalSection
	GlobalSection(ProjectConfigurationPlatforms) = postSolution
		{270D8486-95DD-491F-8534-93A20B52A38C}.Debug|Any CPU.ActiveCfg = Debug|Any CPU
		{270D8486-95DD-491F-8534-93A20B52A38C}.Debug|Any CPU.Build.0 = Debug|Any CPU
		{270D8486-95DD-491F-8534-93A20B52A38C}.Release|Any CPU.ActiveCfg = Release|Any CPU
		{270D8486-95DD-491F-8534-93A20B52A38C}.Release|Any CPU.Build.0 = Release|Any CPU
		{D3332026-E40F-46B7-B8C7-DADCE746C131}.Debug|Any CPU.ActiveCfg = Debug|Any CPU
		{D3332026-E40F-46B7-B8C7-DADCE746C131}.Debug|Any CPU.Build.0 = Debug|Any CPU
		{D3332026-E40F-46B7-B8C7-DADCE746C131}.Release|Any CPU.ActiveCfg = Release|Any CPU
		{D3332026-E40F-46B7-B8C7-DADCE746C131}.Release|Any CPU.Build.0 = Release|Any CPU
	EndGlobalSection
	GlobalSection(SolutionProperties) = preSolution
		HideSolutionNode = FALSE
	EndGlobalSection
	GlobalSection(ExtensibilityGlobals) = postSolution
		SolutionGuid = {987556A9-4805-4CE9-8310-E48C91EF6870}
	EndGlobalSection
EndGlobal
